
Microsoft Visual Studio Solution File, Format Version 12.00
# Visual Studio Version 16
VisualStudioVersion = 16.0.33027.164
MinimumVisualStudioVersion = 10.0.40219.1
Project("{9A19103F-16F7-4668-BE54-9A1E7A4F7556}") = "HabitTracker-Lamda", "HabitTracker-Lamda\HabitTracker-Lamda.csproj", "{9E4BB640-2503-48A1-B3A9-72052FC4F755}"
EndProject
Global
	GlobalSection(SolutionConfigurationPlatforms) = preSolution
		Debug|Any CPU = Debug|Any CPU
		Release|Any CPU = Release|Any CPU
	EndGlobalSection
	GlobalSection(ProjectConfigurationPlatforms) = postSolution
		{9E4BB640-2503-48A1-B3A9-72052FC4F755}.Debug|Any CPU.ActiveCfg = Debug|Any CPU
		{9E4BB640-2503-48A1-B3A9-72052FC4F755}.Debug|Any CPU.Build.0 = Debug|Any CPU
		{9E4BB640-2503-48A1-B3A9-72052FC4F755}.Release|Any CPU.ActiveCfg = Release|Any CPU
		{9E4BB640-2503-48A1-B3A9-72052FC4F755}.Release|Any CPU.Build.0 = Release|Any CPU
	EndGlobalSection
	GlobalSection(SolutionProperties) = preSolution
		HideSolutionNode = FALSE
	EndGlobalSection
	GlobalSection(ExtensibilityGlobals) = postSolution
		SolutionGuid = {473D180E-C00D-4484-94BB-4AD40BD1C43A}
	EndGlobalSection
EndGlobal
